{
  "name": "react-nativescript",
  "version": "0.1.0",
  "lockfileVersion": 1,
  "requires": true,
  "dependencies": {
    "@types/prop-types": {
      "version": "15.7.0",
      "resolved": "https://registry.npmjs.org/@types/prop-types/-/prop-types-15.7.0.tgz",
      "integrity": "sha512-eItQyV43bj4rR3JPV0Skpl1SncRCdziTEK9/v8VwXmV6d/qOUO8/EuWeHBbCZcsfSHfzI5UyMJLCSXtxxznyZg==",
      "dev": true
    },
    "@types/react": {
      "version": "16.8.8",
      "resolved": "https://registry.npmjs.org/@types/react/-/react-16.8.8.tgz",
      "integrity": "sha512-xwEvyet96u7WnB96kqY0yY7qxx/pEpU51QeACkKFtrgjjXITQn0oO1iwPEraXVgh10ZFPix7gs1R4OJXF7P5sg==",
      "dev": true,
      "requires": {
        "@types/prop-types": "*",
        "csstype": "^2.2.0"
      }
    },
    "@types/react-reconciler": {
      "version": "0.18.0",
      "resolved": "https://registry.npmjs.org/@types/react-reconciler/-/react-reconciler-0.18.0.tgz",
      "integrity": "sha512-hLVaxzL7cGgk/2C/sc8yyyvi+aeeimv7SKOFgyuPFYqNb2rnnQApHabcxo5Xp+GloUAfMe3tyQm2nkrmbLXq4w==",
      "dev": true,
      "requires": {
        "@types/react": "*"
      }
    },
    "csstype": {
      "version": "2.6.3",
      "resolved": "https://registry.npmjs.org/csstype/-/csstype-2.6.3.tgz",
      "integrity": "sha512-rINUZXOkcBmoHWEyu7JdHu5JMzkGRoMX4ov9830WNgxf5UYxcBUO0QTKAqeJ5EZfSdlrcJYkC8WwfVW7JYi4yg==",
      "dev": true
    },
    "js-tokens": {
      "version": "4.0.0",
      "resolved": "https://registry.npmjs.org/js-tokens/-/js-tokens-4.0.0.tgz",
      "integrity": "sha512-RdJUflcE3cUzKiMqQgsCu06FPu9UdIJO0beYbPhHN4k6apgJtifcoCtT9bcxOpYBtpD2kCM6Sbzg4CausW/PKQ=="
    },
    "loose-envify": {
      "version": "1.4.0",
      "resolved": "https://registry.npmjs.org/loose-envify/-/loose-envify-1.4.0.tgz",
      "integrity": "sha512-lyuxPGr/Wfhrlem2CL/UcnUc1zcqKAImBDzukY7Y5F/yQiNdko6+fRLevlw1HgMySw7f611UIY408EtxRSoK3Q==",
      "requires": {
        "js-tokens": "^3.0.0 || ^4.0.0"
      }
    },
    "object-assign": {
      "version": "4.1.1",
      "resolved": "https://registry.npmjs.org/object-assign/-/object-assign-4.1.1.tgz",
      "integrity": "sha1-IQmtx5ZYh8/AXLvUQsrIv7s2CGM="
    },
    "prop-types": {
      "version": "15.7.2",
      "resolved": "https://registry.npmjs.org/prop-types/-/prop-types-15.7.2.tgz",
      "integrity": "sha512-8QQikdH7//R2vurIJSutZ1smHYTcLpRWEOlHnzcWHmBYrOGUysKwSsrC89BCiFj3CbrfJ/nXFdJepOVrY1GCHQ==",
      "requires": {
        "loose-envify": "^1.4.0",
        "object-assign": "^4.1.1",
        "react-is": "^16.8.1"
      }
    },
    "react": {
      "version": "16.8.5",
      "resolved": "https://registry.npmjs.org/react/-/react-16.8.5.tgz",
      "integrity": "sha512-daCb9TD6FZGvJ3sg8da1tRAtIuw29PbKZW++NN4wqkbEvxL+bZpaaYb4xuftW/SpXmgacf1skXl/ddX6CdOlDw==",
      "dev": true,
      "requires": {
        "loose-envify": "^1.1.0",
        "object-assign": "^4.1.1",
        "prop-types": "^15.6.2",
        "scheduler": "^0.13.5"
      }
    },
    "react-is": {
      "version": "16.8.5",
      "resolved": "https://registry.npmjs.org/react-is/-/react-is-16.8.5.tgz",
      "integrity": "sha512-sudt2uq5P/2TznPV4Wtdi+Lnq3yaYW8LfvPKLM9BKD8jJNBkxMVyB0C9/GmVhLw7Jbdmndk/73n7XQGeN9A3QQ=="
    },
    "react-reconciler": {
      "version": "0.20.3",
      "resolved": "https://registry.npmjs.org/react-reconciler/-/react-reconciler-0.20.3.tgz",
      "integrity": "sha512-kKowgno8ZRNhFSQcuQ2ja/Lrvav58qnwy4w7bVbA4x+WKlDrP1vU42AQwwi2fMltVRTprD6OVMuCumPFPrB9fQ==",
      "requires": {
        "loose-envify": "^1.1.0",
        "object-assign": "^4.1.1",
        "prop-types": "^15.6.2",
        "scheduler": "^0.13.5"
      }
    },
    "scheduler": {
      "version": "0.13.5",
      "resolved": "https://registry.npmjs.org/scheduler/-/scheduler-0.13.5.tgz",
      "integrity": "sha512-K98vjkQX9OIt/riLhp6F+XtDPtMQhqNcf045vsh+pcuvHq+PHy1xCrH3pq1P40m6yR46lpVvVhKdEOtnimuUJw==",
      "requires": {
        "loose-envify": "^1.1.0",
        "object-assign": "^4.1.1"
      }
    },
    "tns-core-modules": {
      "version": "5.3.1",
      "resolved": "https://registry.npmjs.org/tns-core-modules/-/tns-core-modules-5.3.1.tgz",
      "integrity": "sha512-b1zBFr+LTxnUe+jxMqyfjHYXKqbECT/YNqtxmJpbma9P+gqPTfFJ1eFWU+yVNQVDIQhZ/Wy8P56H6cm99nmYoQ==",
      "dev": true,
      "requires": {
        "tns-core-modules-widgets": "5.3.0",
        "tslib": "^1.9.3"
      }
    },
    "tns-core-modules-widgets": {
      "version": "5.3.0",
      "resolved": "https://registry.npmjs.org/tns-core-modules-widgets/-/tns-core-modules-widgets-5.3.0.tgz",
      "integrity": "sha512-mR8Pof0NhMRhPYcshQ54WyPrlbrqmTgrwxALtF1485fbCAHblz/2DqU7yGmTgC5LNdV7yhNeHYouoYg3TYOZbA==",
      "dev": true
    },
    "tslib": {
      "version": "1.9.3",
      "resolved": "https://registry.npmjs.org/tslib/-/tslib-1.9.3.tgz",
      "integrity": "sha512-4krF8scpejhaOgqzBEcGM7yDIEfi0/8+8zDRZhNZZ2kjmHJ4hv3zCbQWxoJGz1iw5U0Jl0nma13xzHXcncMavQ==",
      "dev": true
    },
    "typescript": {
      "version": "3.3.4000",
      "resolved": "https://registry.npmjs.org/typescript/-/typescript-3.3.4000.tgz",
      "integrity": "sha512-jjOcCZvpkl2+z7JFn0yBOoLQyLoIkNZAs/fYJkUG6VKy6zLPHJGfQJYFHzibB6GJaF/8QrcECtlQ5cpvRHSMEA==",
      "dev": true
    }
  }
}
